
Microsoft Visual Studio Solution File, Format Version 12.00
# Visual Studio Version 16
VisualStudioVersion = 16.0.31205.134
MinimumVisualStudioVersion = 10.0.40219.1
Project("{9A19103F-16F7-4668-BE54-9A1E7A4F7556}") = "WorldLib", "WorldLib\WorldLib.csproj", "{F49DB747-7F71-4964-AE4C-FB7D4C46826E}"
EndProject
Project("{9A19103F-16F7-4668-BE54-9A1E7A4F7556}") = "Utility", "Utility\Utility.csproj", "{D4DC7C77-9257-4B5D-85CB-83F73D939B7B}"
EndProject
Project("{9A19103F-16F7-4668-BE54-9A1E7A4F7556}") = "Tests", "Tests\Tests.csproj", "{B635051A-8C23-48EA-9F1E-DECD62E34B77}"
EndProject
Project("{2150E333-8FDC-42A3-9474-1A3956D46DE8}") = "Notes", "Notes", "{8283942F-7DDA-46CA-B7D3-58380D8A6ABF}"
	ProjectSection(SolutionItems) = preProject
		Notes\Implementing IDisposable.txt = Notes\Implementing IDisposable.txt
	EndProjectSection
EndProject
Global
	GlobalSection(SolutionConfigurationPlatforms) = preSolution
		Debug|Any CPU = Debug|Any CPU
		Release|Any CPU = Release|Any CPU
	EndGlobalSection
	GlobalSection(ProjectConfigurationPlatforms) = postSolution
		{F49DB747-7F71-4964-AE4C-FB7D4C46826E}.Debug|Any CPU.ActiveCfg = Debug|Any CPU
		{F49DB747-7F71-4964-AE4C-FB7D4C46826E}.Debug|Any CPU.Build.0 = Debug|Any CPU
		{F49DB747-7F71-4964-AE4C-FB7D4C46826E}.Release|Any CPU.ActiveCfg = Release|Any CPU
		{F49DB747-7F71-4964-AE4C-FB7D4C46826E}.Release|Any CPU.Build.0 = Release|Any CPU
		{D4DC7C77-9257-4B5D-85CB-83F73D939B7B}.Debug|Any CPU.ActiveCfg = Debug|Any CPU
		{D4DC7C77-9257-4B5D-85CB-83F73D939B7B}.Debug|Any CPU.Build.0 = Debug|Any CPU
		{D4DC7C77-9257-4B5D-85CB-83F73D939B7B}.Release|Any CPU.ActiveCfg = Release|Any CPU
		{D4DC7C77-9257-4B5D-85CB-83F73D939B7B}.Release|Any CPU.Build.0 = Release|Any CPU
		{B635051A-8C23-48EA-9F1E-DECD62E34B77}.Debug|Any CPU.ActiveCfg = Debug|Any CPU
		{B635051A-8C23-48EA-9F1E-DECD62E34B77}.Debug|Any CPU.Build.0 = Debug|Any CPU
		{B635051A-8C23-48EA-9F1E-DECD62E34B77}.Release|Any CPU.ActiveCfg = Release|Any CPU
		{B635051A-8C23-48EA-9F1E-DECD62E34B77}.Release|Any CPU.Build.0 = Release|Any CPU
	EndGlobalSection
	GlobalSection(SolutionProperties) = preSolution
		HideSolutionNode = FALSE
	EndGlobalSection
	GlobalSection(ExtensibilityGlobals) = postSolution
		SolutionGuid = {3416C22B-7BEA-49DA-8A8F-16FB2C70E7CE}
	EndGlobalSection
EndGlobal
